// !$*UTF8*$!
{
	archiveVersion = 1;
	classes = {
	};
	objectVersion = 50;
	objects = {

/* Begin PBXBuildFile section */
		5D0300CB2129A64900743AD2 /* TextFieldDesignable.swift in Sources */ = {isa = PBXBuildFile; fileRef = 5D0300CA2129A64900743AD2 /* TextFieldDesignable.swift */; };
		5D0300CD2129AAB500743AD2 /* SearchViewController.swift in Sources */ = {isa = PBXBuildFile; fileRef = 5D0300CC2129AAB500743AD2 /* SearchViewController.swift */; };
		5D0300CF2129ADA800743AD2 /* DetailsViewController.swift in Sources */ = {isa = PBXBuildFile; fileRef = 5D0300CE2129ADA800743AD2 /* DetailsViewController.swift */; };
		5D0300D12129B28C00743AD2 /* ViewControllerDelegate.swift in Sources */ = {isa = PBXBuildFile; fileRef = 5D0300D02129B28C00743AD2 /* ViewControllerDelegate.swift */; };
		5D0300D4212A079100743AD2 /* SearchQADelegate.swift in Sources */ = {isa = PBXBuildFile; fileRef = 5D0300D3212A079100743AD2 /* SearchQADelegate.swift */; };
		5D0300D9212A09B700743AD2 /* CustomSearchController.swift in Sources */ = {isa = PBXBuildFile; fileRef = 5D0300D8212A09B700743AD2 /* CustomSearchController.swift */; };
		5D0300DB212A0A3D00743AD2 /* CustomSearchBar.swift in Sources */ = {isa = PBXBuildFile; fileRef = 5D0300DA212A0A3D00743AD2 /* CustomSearchBar.swift */; };
		5D0300DD212A1AEC00743AD2 /* SearchTableViewCell.swift in Sources */ = {isa = PBXBuildFile; fileRef = 5D0300DC212A1AEC00743AD2 /* SearchTableViewCell.swift */; };
		5D85A38E21218DD90004469B /* AppDelegate.swift in Sources */ = {isa = PBXBuildFile; fileRef = 5D85A38D21218DD90004469B /* AppDelegate.swift */; };
		5D85A39021218DD90004469B /* ViewController.swift in Sources */ = {isa = PBXBuildFile; fileRef = 5D85A38F21218DD90004469B /* ViewController.swift */; };
		5D85A39321218DD90004469B /* Main.storyboard in Resources */ = {isa = PBXBuildFile; fileRef = 5D85A39121218DD90004469B /* Main.storyboard */; };
		5D85A39521218DDB0004469B /* Assets.xcassets in Resources */ = {isa = PBXBuildFile; fileRef = 5D85A39421218DDB0004469B /* Assets.xcassets */; };
		5D85A39821218DDB0004469B /* LaunchScreen.storyboard in Resources */ = {isa = PBXBuildFile; fileRef = 5D85A39621218DDB0004469B /* LaunchScreen.storyboard */; };
		5D85A3A321218DDB0004469B /* stackOverFlowAPITests.swift in Sources */ = {isa = PBXBuildFile; fileRef = 5D85A3A221218DDB0004469B /* stackOverFlowAPITests.swift */; };
		5D85A3AE21218DDB0004469B /* stackOverFlowAPIUITests.swift in Sources */ = {isa = PBXBuildFile; fileRef = 5D85A3AD21218DDB0004469B /* stackOverFlowAPIUITests.swift */; };
		5D85A3CD2123547F0004469B /* RequestUtil.swift in Sources */ = {isa = PBXBuildFile; fileRef = 5D85A3CC2123547F0004469B /* RequestUtil.swift */; };
		5D85A3D0212356980004469B /* ItemsDto.swift in Sources */ = {isa = PBXBuildFile; fileRef = 5D85A3CF212356980004469B /* ItemsDto.swift */; };
		5D85A3D2212357220004469B /* ItemDto.swift in Sources */ = {isa = PBXBuildFile; fileRef = 5D85A3D1212357220004469B /* ItemDto.swift */; };
		5D85A3D4212357630004469B /* OwnerDto.swift in Sources */ = {isa = PBXBuildFile; fileRef = 5D85A3D3212357630004469B /* OwnerDto.swift */; };
		5D85A3D621235AA30004469B /* RequestTypeUtil.swift in Sources */ = {isa = PBXBuildFile; fileRef = 5D85A3D521235AA30004469B /* RequestTypeUtil.swift */; };
		5D85A3D821235CF20004469B /* NetworkDispatcher.swift in Sources */ = {isa = PBXBuildFile; fileRef = 5D85A3D721235CF20004469B /* NetworkDispatcher.swift */; };
		5D85A3DA21235E2C0004469B /* URLSessionNetworkDispatcher.swift in Sources */ = {isa = PBXBuildFile; fileRef = 5D85A3D921235E2C0004469B /* URLSessionNetworkDispatcher.swift */; };
		5D9EC22B212EA5FB00736416 /* BasicTests.m in Sources */ = {isa = PBXBuildFile; fileRef = 5D9EC22A212EA5FB00736416 /* BasicTests.m */; };
		5DCE206D212B20CF00B1280D /* tagDto.swift in Sources */ = {isa = PBXBuildFile; fileRef = 5DCE206C212B20CF00B1280D /* tagDto.swift */; };
/* End PBXBuildFile section */

/* Begin PBXContainerItemProxy section */
		5D85A39F21218DDB0004469B /* PBXContainerItemProxy */ = {
			isa = PBXContainerItemProxy;
			containerPortal = 5D85A38221218DD90004469B /* Project object */;
			proxyType = 1;
			remoteGlobalIDString = 5D85A38921218DD90004469B;
			remoteInfo = stackOverFlowAPI;
		};
		5D85A3AA21218DDB0004469B /* PBXContainerItemProxy */ = {
			isa = PBXContainerItemProxy;
			containerPortal = 5D85A38221218DD90004469B /* Project object */;
			proxyType = 1;
			remoteGlobalIDString = 5D85A38921218DD90004469B;
			remoteInfo = stackOverFlowAPI;
		};
/* End PBXContainerItemProxy section */

/* Begin PBXFileReference section */
		5D0300CA2129A64900743AD2 /* TextFieldDesignable.swift */ = {isa = PBXFileReference; lastKnownFileType = sourcecode.swift; path = TextFieldDesignable.swift; sourceTree = "<group>"; };
		5D0300CC2129AAB500743AD2 /* SearchViewController.swift */ = {isa = PBXFileReference; lastKnownFileType = sourcecode.swift; path = SearchViewController.swift; sourceTree = "<group>"; };
		5D0300CE2129ADA800743AD2 /* DetailsViewController.swift */ = {isa = PBXFileReference; lastKnownFileType = sourcecode.swift; path = DetailsViewController.swift; sourceTree = "<group>"; };
		5D0300D02129B28C00743AD2 /* ViewControllerDelegate.swift */ = {isa = PBXFileReference; lastKnownFileType = sourcecode.swift; path = ViewControllerDelegate.swift; sourceTree = "<group>"; };
		5D0300D3212A079100743AD2 /* SearchQADelegate.swift */ = {isa = PBXFileReference; lastKnownFileType = sourcecode.swift; path = SearchQADelegate.swift; sourceTree = "<group>"; };
		5D0300D8212A09B700743AD2 /* CustomSearchController.swift */ = {isa = PBXFileReference; lastKnownFileType = sourcecode.swift; path = CustomSearchController.swift; sourceTree = "<group>"; };
		5D0300DA212A0A3D00743AD2 /* CustomSearchBar.swift */ = {isa = PBXFileReference; lastKnownFileType = sourcecode.swift; path = CustomSearchBar.swift; sourceTree = "<group>"; };
		5D0300DC212A1AEC00743AD2 /* SearchTableViewCell.swift */ = {isa = PBXFileReference; lastKnownFileType = sourcecode.swift; path = SearchTableViewCell.swift; sourceTree = "<group>"; };
		5D85A38A21218DD90004469B /* stackOverFlowAPI.app */ = {isa = PBXFileReference; explicitFileType = wrapper.application; includeInIndex = 0; path = stackOverFlowAPI.app; sourceTree = BUILT_PRODUCTS_DIR; };
		5D85A38D21218DD90004469B /* AppDelegate.swift */ = {isa = PBXFileReference; lastKnownFileType = sourcecode.swift; path = AppDelegate.swift; sourceTree = "<group>"; };
		5D85A38F21218DD90004469B /* ViewController.swift */ = {isa = PBXFileReference; lastKnownFileType = sourcecode.swift; path = ViewController.swift; sourceTree = "<group>"; xcLanguageSpecificationIdentifier = xcode.lang.swift; };
		5D85A39221218DD90004469B /* Base */ = {isa = PBXFileReference; lastKnownFileType = file.storyboard; name = Base; path = Base.lproj/Main.storyboard; sourceTree = "<group>"; };
		5D85A39421218DDB0004469B /* Assets.xcassets */ = {isa = PBXFileReference; lastKnownFileType = folder.assetcatalog; path = Assets.xcassets; sourceTree = "<group>"; };
		5D85A39721218DDB0004469B /* Base */ = {isa = PBXFileReference; lastKnownFileType = file.storyboard; name = Base; path = Base.lproj/LaunchScreen.storyboard; sourceTree = "<group>"; };
		5D85A39921218DDB0004469B /* Info.plist */ = {isa = PBXFileReference; lastKnownFileType = text.plist.xml; path = Info.plist; sourceTree = "<group>"; };
		5D85A39E21218DDB0004469B /* stackOverFlowAPITests.xctest */ = {isa = PBXFileReference; explicitFileType = wrapper.cfbundle; includeInIndex = 0; path = stackOverFlowAPITests.xctest; sourceTree = BUILT_PRODUCTS_DIR; };
		5D85A3A221218DDB0004469B /* stackOverFlowAPITests.swift */ = {isa = PBXFileReference; lastKnownFileType = sourcecode.swift; path = stackOverFlowAPITests.swift; sourceTree = "<group>"; };
		5D85A3A421218DDB0004469B /* Info.plist */ = {isa = PBXFileReference; lastKnownFileType = text.plist.xml; path = Info.plist; sourceTree = "<group>"; };
		5D85A3A921218DDB0004469B /* stackOverFlowAPIUITests.xctest */ = {isa = PBXFileReference; explicitFileType = wrapper.cfbundle; includeInIndex = 0; path = stackOverFlowAPIUITests.xctest; sourceTree = BUILT_PRODUCTS_DIR; };
		5D85A3AD21218DDB0004469B /* stackOverFlowAPIUITests.swift */ = {isa = PBXFileReference; lastKnownFileType = sourcecode.swift; path = stackOverFlowAPIUITests.swift; sourceTree = "<group>"; };
		5D85A3AF21218DDB0004469B /* Info.plist */ = {isa = PBXFileReference; lastKnownFileType = text.plist.xml; path = Info.plist; sourceTree = "<group>"; };
		5D85A3CC2123547F0004469B /* RequestUtil.swift */ = {isa = PBXFileReference; lastKnownFileType = sourcecode.swift; path = RequestUtil.swift; sourceTree = "<group>"; };
		5D85A3CF212356980004469B /* ItemsDto.swift */ = {isa = PBXFileReference; lastKnownFileType = sourcecode.swift; path = ItemsDto.swift; sourceTree = "<group>"; };
		5D85A3D1212357220004469B /* ItemDto.swift */ = {isa = PBXFileReference; lastKnownFileType = sourcecode.swift; path = ItemDto.swift; sourceTree = "<group>"; };
		5D85A3D3212357630004469B /* OwnerDto.swift */ = {isa = PBXFileReference; lastKnownFileType = sourcecode.swift; path = OwnerDto.swift; sourceTree = "<group>"; };
		5D85A3D521235AA30004469B /* RequestTypeUtil.swift */ = {isa = PBXFileReference; lastKnownFileType = sourcecode.swift; path = RequestTypeUtil.swift; sourceTree = "<group>"; };
		5D85A3D721235CF20004469B /* NetworkDispatcher.swift */ = {isa = PBXFileReference; lastKnownFileType = sourcecode.swift; path = NetworkDispatcher.swift; sourceTree = "<group>"; };
		5D85A3D921235E2C0004469B /* URLSessionNetworkDispatcher.swift */ = {isa = PBXFileReference; lastKnownFileType = sourcecode.swift; path = URLSessionNetworkDispatcher.swift; sourceTree = "<group>"; };
		5D9EC229212EA5FA00736416 /* stackOverFlowAPITests-Bridging-Header.h */ = {isa = PBXFileReference; lastKnownFileType = sourcecode.c.h; path = "stackOverFlowAPITests-Bridging-Header.h"; sourceTree = "<group>"; };
		5D9EC22A212EA5FB00736416 /* BasicTests.m */ = {isa = PBXFileReference; lastKnownFileType = sourcecode.c.objc; path = BasicTests.m; sourceTree = "<group>"; };
		5DCE206C212B20CF00B1280D /* tagDto.swift */ = {isa = PBXFileReference; lastKnownFileType = sourcecode.swift; path = tagDto.swift; sourceTree = "<group>"; };
/* End PBXFileReference section */

/* Begin PBXFrameworksBuildPhase section */
		5D85A38721218DD90004469B /* Frameworks */ = {
			isa = PBXFrameworksBuildPhase;
			buildActionMask = 2147483647;
			files = (
			);
			runOnlyForDeploymentPostprocessing = 0;
		};
		5D85A39B21218DDB0004469B /* Frameworks */ = {
			isa = PBXFrameworksBuildPhase;
			buildActionMask = 2147483647;
			files = (
			);
			runOnlyForDeploymentPostprocessing = 0;
		};
		5D85A3A621218DDB0004469B /* Frameworks */ = {
			isa = PBXFrameworksBuildPhase;
			buildActionMask = 2147483647;
			files = (
			);
			runOnlyForDeploymentPostprocessing = 0;
		};
/* End PBXFrameworksBuildPhase section */

/* Begin PBXGroup section */
		5D0300C82129A5B800743AD2 /* Designables */ = {
			isa = PBXGroup;
			children = (
				5D0300C92129A5D600743AD2 /* searchButton */,
			);
			path = Designables;
			sourceTree = "<group>";
		};
		5D0300C92129A5D600743AD2 /* searchButton */ = {
			isa = PBXGroup;
			children = (
				5D0300CA2129A64900743AD2 /* TextFieldDesignable.swift */,
			);
			path = searchButton;
			sourceTree = "<group>";
		};
		5D0300D2212A062400743AD2 /* SearchQAComponent */ = {
			isa = PBXGroup;
			children = (
				5D0300CC2129AAB500743AD2 /* SearchViewController.swift */,
				5D0300D3212A079100743AD2 /* SearchQADelegate.swift */,
				5D0300DC212A1AEC00743AD2 /* SearchTableViewCell.swift */,
			);
			path = SearchQAComponent;
			sourceTree = "<group>";
		};
		5D0300D5212A087300743AD2 /* Common */ = {
			isa = PBXGroup;
			children = (
				5D0300D6212A093200743AD2 /* CustomView */,
				5D85A3BB212192520004469B /* API */,
				5D0300C82129A5B800743AD2 /* Designables */,
			);
			path = Common;
			sourceTree = "<group>";
		};
		5D0300D6212A093200743AD2 /* CustomView */ = {
			isa = PBXGroup;
			children = (
				5D0300DA212A0A3D00743AD2 /* CustomSearchBar.swift */,
				5D0300D8212A09B700743AD2 /* CustomSearchController.swift */,
			);
			path = CustomView;
			sourceTree = "<group>";
		};
		5D85A38121218DD90004469B = {
			isa = PBXGroup;
			children = (
				5D0300D5212A087300743AD2 /* Common */,
				5D85A38C21218DD90004469B /* stackOverFlowAPI */,
				5D85A3A121218DDB0004469B /* stackOverFlowAPITests */,
				5D85A3AC21218DDB0004469B /* stackOverFlowAPIUITests */,
				5D85A38B21218DD90004469B /* Products */,
			);
			sourceTree = "<group>";
		};
		5D85A38B21218DD90004469B /* Products */ = {
			isa = PBXGroup;
			children = (
				5D85A38A21218DD90004469B /* stackOverFlowAPI.app */,
				5D85A39E21218DDB0004469B /* stackOverFlowAPITests.xctest */,
				5D85A3A921218DDB0004469B /* stackOverFlowAPIUITests.xctest */,
			);
			name = Products;
			sourceTree = "<group>";
		};
		5D85A38C21218DD90004469B /* stackOverFlowAPI */ = {
			isa = PBXGroup;
			children = (
				5D0300D2212A062400743AD2 /* SearchQAComponent */,
				5D85A38F21218DD90004469B /* ViewController.swift */,
				5D0300CE2129ADA800743AD2 /* DetailsViewController.swift */,
				5D0300D02129B28C00743AD2 /* ViewControllerDelegate.swift */,
				5D85A38D21218DD90004469B /* AppDelegate.swift */,
				5D85A39121218DD90004469B /* Main.storyboard */,
				5D85A39421218DDB0004469B /* Assets.xcassets */,
				5D85A39621218DDB0004469B /* LaunchScreen.storyboard */,
				5D85A39921218DDB0004469B /* Info.plist */,
			);
			path = stackOverFlowAPI;
			sourceTree = "<group>";
		};
		5D85A3A121218DDB0004469B /* stackOverFlowAPITests */ = {
			isa = PBXGroup;
			children = (
				5D9EC22A212EA5FB00736416 /* BasicTests.m */,
				5D85A3A221218DDB0004469B /* stackOverFlowAPITests.swift */,
				5D85A3A421218DDB0004469B /* Info.plist */,
				5D9EC229212EA5FA00736416 /* stackOverFlowAPITests-Bridging-Header.h */,
			);
			path = stackOverFlowAPITests;
			sourceTree = "<group>";
		};
		5D85A3AC21218DDB0004469B /* stackOverFlowAPIUITests */ = {
			isa = PBXGroup;
			children = (
				5D85A3AD21218DDB0004469B /* stackOverFlowAPIUITests.swift */,
				5D85A3AF21218DDB0004469B /* Info.plist */,
			);
			path = stackOverFlowAPIUITests;
			sourceTree = "<group>";
		};
		5D85A3BB212192520004469B /* API */ = {
			isa = PBXGroup;
			children = (
				5D85A3CE212356690004469B /* model */,
				5D85A3BD212192860004469B /* service */,
				5D85A3BC2121926A0004469B /* APIUtils */,
			);
			path = API;
			sourceTree = "<group>";
		};
		5D85A3BC2121926A0004469B /* APIUtils */ = {
			isa = PBXGroup;
			children = (
				5D85A3CC2123547F0004469B /* RequestUtil.swift */,
				5D85A3D521235AA30004469B /* RequestTypeUtil.swift */,
				5D85A3D721235CF20004469B /* NetworkDispatcher.swift */,
			);
			path = APIUtils;
			sourceTree = "<group>";
		};
		5D85A3BD212192860004469B /* service */ = {
			isa = PBXGroup;
			children = (
				5D85A3D921235E2C0004469B /* URLSessionNetworkDispatcher.swift */,
			);
			path = service;
			sourceTree = "<group>";
		};
		5D85A3CE212356690004469B /* model */ = {
			isa = PBXGroup;
			children = (
				5D85A3CF212356980004469B /* ItemsDto.swift */,
				5D85A3D1212357220004469B /* ItemDto.swift */,
				5D85A3D3212357630004469B /* OwnerDto.swift */,
				5DCE206C212B20CF00B1280D /* tagDto.swift */,
			);
			path = model;
			sourceTree = "<group>";
		};
/* End PBXGroup section */

/* Begin PBXNativeTarget section */
		5D85A38921218DD90004469B /* stackOverFlowAPI */ = {
			isa = PBXNativeTarget;
			buildConfigurationList = 5D85A3B221218DDB0004469B /* Build configuration list for PBXNativeTarget "stackOverFlowAPI" */;
			buildPhases = (
				5D85A38621218DD90004469B /* Sources */,
				5D85A38721218DD90004469B /* Frameworks */,
				5D85A38821218DD90004469B /* Resources */,
			);
			buildRules = (
			);
			dependencies = (
			);
			name = stackOverFlowAPI;
			productName = stackOverFlowAPI;
			productReference = 5D85A38A21218DD90004469B /* stackOverFlowAPI.app */;
			productType = "com.apple.product-type.application";
		};
		5D85A39D21218DDB0004469B /* stackOverFlowAPITests */ = {
			isa = PBXNativeTarget;
			buildConfigurationList = 5D85A3B521218DDB0004469B /* Build configuration list for PBXNativeTarget "stackOverFlowAPITests" */;
			buildPhases = (
				5D85A39A21218DDB0004469B /* Sources */,
				5D85A39B21218DDB0004469B /* Frameworks */,
				5D85A39C21218DDB0004469B /* Resources */,
			);
			buildRules = (
			);
			dependencies = (
				5D85A3A021218DDB0004469B /* PBXTargetDependency */,
			);
			name = stackOverFlowAPITests;
			productName = stackOverFlowAPITests;
			productReference = 5D85A39E21218DDB0004469B /* stackOverFlowAPITests.xctest */;
			productType = "com.apple.product-type.bundle.unit-test";
		};
		5D85A3A821218DDB0004469B /* stackOverFlowAPIUITests */ = {
			isa = PBXNativeTarget;
			buildConfigurationList = 5D85A3B821218DDB0004469B /* Build configuration list for PBXNativeTarget "stackOverFlowAPIUITests" */;
			buildPhases = (
				5D85A3A521218DDB0004469B /* Sources */,
				5D85A3A621218DDB0004469B /* Frameworks */,
				5D85A3A721218DDB0004469B /* Resources */,
			);
			buildRules = (
			);
			dependencies = (
				5D85A3AB21218DDB0004469B /* PBXTargetDependency */,
			);
			name = stackOverFlowAPIUITests;
			productName = stackOverFlowAPIUITests;
			productReference = 5D85A3A921218DDB0004469B /* stackOverFlowAPIUITests.xctest */;
			productType = "com.apple.product-type.bundle.ui-testing";
		};
/* End PBXNativeTarget section */

/* Begin PBXProject section */
		5D85A38221218DD90004469B /* Project object */ = {
			isa = PBXProject;
			attributes = {
				LastSwiftUpdateCheck = 0940;
				LastUpgradeCheck = 0940;
				ORGANIZATIONNAME = "Mojalefa Tsoaeli";
				TargetAttributes = {
					5D85A38921218DD90004469B = {
						CreatedOnToolsVersion = 9.4.1;
					};
					5D85A39D21218DDB0004469B = {
						CreatedOnToolsVersion = 9.4.1;
						LastSwiftMigration = 0940;
						TestTargetID = 5D85A38921218DD90004469B;
					};
					5D85A3A821218DDB0004469B = {
						CreatedOnToolsVersion = 9.4.1;
						TestTargetID = 5D85A38921218DD90004469B;
					};
				};
			};
			buildConfigurationList = 5D85A38521218DD90004469B /* Build configuration list for PBXProject "stackOverFlowAPI" */;
			compatibilityVersion = "Xcode 9.3";
			developmentRegion = en;
			hasScannedForEncodings = 0;
			knownRegions = (
				en,
				Base,
			);
			mainGroup = 5D85A38121218DD90004469B;
			productRefGroup = 5D85A38B21218DD90004469B /* Products */;
			projectDirPath = "";
			projectRoot = "";
			targets = (
				5D85A38921218DD90004469B /* stackOverFlowAPI */,
				5D85A39D21218DDB0004469B /* stackOverFlowAPITests */,
				5D85A3A821218DDB0004469B /* stackOverFlowAPIUITests */,
			);
		};
/* End PBXProject section */

/* Begin PBXResourcesBuildPhase section */
		5D85A38821218DD90004469B /* Resources */ = {
			isa = PBXResourcesBuildPhase;
			buildActionMask = 2147483647;
			files = (
				5D85A39821218DDB0004469B /* LaunchScreen.storyboard in Resources */,
				5D85A39521218DDB0004469B /* Assets.xcassets in Resources */,
				5D85A39321218DD90004469B /* Main.storyboard in Resources */,
			);
			runOnlyForDeploymentPostprocessing = 0;
		};
		5D85A39C21218DDB0004469B /* Resources */ = {
			isa = PBXResourcesBuildPhase;
			buildActionMask = 2147483647;
			files = (
			);
			runOnlyForDeploymentPostprocessing = 0;
		};
		5D85A3A721218DDB0004469B /* Resources */ = {
			isa = PBXResourcesBuildPhase;
			buildActionMask = 2147483647;
			files = (
			);
			runOnlyForDeploymentPostprocessing = 0;
		};
/* End PBXResourcesBuildPhase section */

/* Begin PBXSourcesBuildPhase section */
		5D85A38621218DD90004469B /* Sources */ = {
			isa = PBXSourcesBuildPhase;
			buildActionMask = 2147483647;
			files = (
				5D0300D9212A09B700743AD2 /* CustomSearchController.swift in Sources */,
				5D85A3D0212356980004469B /* ItemsDto.swift in Sources */,
				5D0300CB2129A64900743AD2 /* TextFieldDesignable.swift in Sources */,
				5D0300D4212A079100743AD2 /* SearchQADelegate.swift in Sources */,
				5D85A39021218DD90004469B /* ViewController.swift in Sources */,
				5D0300CF2129ADA800743AD2 /* DetailsViewController.swift in Sources */,
				5D0300DB212A0A3D00743AD2 /* CustomSearchBar.swift in Sources */,
				5D85A3CD2123547F0004469B /* RequestUtil.swift in Sources */,
				5D85A3D821235CF20004469B /* NetworkDispatcher.swift in Sources */,
				5D85A3D4212357630004469B /* OwnerDto.swift in Sources */,
				5DCE206D212B20CF00B1280D /* tagDto.swift in Sources */,
				5D85A3D621235AA30004469B /* RequestTypeUtil.swift in Sources */,
				5D0300DD212A1AEC00743AD2 /* SearchTableViewCell.swift in Sources */,
				5D0300D12129B28C00743AD2 /* ViewControllerDelegate.swift in Sources */,
				5D85A3D2212357220004469B /* ItemDto.swift in Sources */,
				5D0300CD2129AAB500743AD2 /* SearchViewController.swift in Sources */,
				5D85A3DA21235E2C0004469B /* URLSessionNetworkDispatcher.swift in Sources */,
				5D85A38E21218DD90004469B /* AppDelegate.swift in Sources */,
			);
			runOnlyForDeploymentPostprocessing = 0;
		};
		5D85A39A21218DDB0004469B /* Sources */ = {
			isa = PBXSourcesBuildPhase;
			buildActionMask = 2147483647;
			files = (
				5D9EC22B212EA5FB00736416 /* BasicTests.m in Sources */,
				5D85A3A321218DDB0004469B /* stackOverFlowAPITests.swift in Sources */,
			);
			runOnlyForDeploymentPostprocessing = 0;
		};
		5D85A3A521218DDB0004469B /* Sources */ = {
			isa = PBXSourcesBuildPhase;
			buildActionMask = 2147483647;
			files = (
				5D85A3AE21218DDB0004469B /* stackOverFlowAPIUITests.swift in Sources */,
			);
			runOnlyForDeploymentPostprocessing = 0;
		};
/* End PBXSourcesBuildPhase section */

/* Begin PBXTargetDependency section */
		5D85A3A021218DDB0004469B /* PBXTargetDependency */ = {
			isa = PBXTargetDependency;
			target = 5D85A38921218DD90004469B /* stackOverFlowAPI */;
			targetProxy = 5D85A39F21218DDB0004469B /* PBXContainerItemProxy */;
		};
		5D85A3AB21218DDB0004469B /* PBXTargetDependency */ = {
			isa = PBXTargetDependency;
			target = 5D85A38921218DD90004469B /* stackOverFlowAPI */;
			targetProxy = 5D85A3AA21218DDB0004469B /* PBXContainerItemProxy */;
		};
/* End PBXTargetDependency section */

/* Begin PBXVariantGroup section */
		5D85A39121218DD90004469B /* Main.storyboard */ = {
			isa = PBXVariantGroup;
			children = (
				5D85A39221218DD90004469B /* Base */,
			);
			name = Main.storyboard;
			sourceTree = "<group>";
		};
		5D85A39621218DDB0004469B /* LaunchScreen.storyboard */ = {
			isa = PBXVariantGroup;
			children = (
				5D85A39721218DDB0004469B /* Base */,
			);
			name = LaunchScreen.storyboard;
			sourceTree = "<group>";
		};
/* End PBXVariantGroup section */

/* Begin XCBuildConfiguration section */
		5D85A3B021218DDB0004469B /* Debug */ = {
			isa = XCBuildConfiguration;
			buildSettings = {
				ALWAYS_SEARCH_USER_PATHS = NO;
				CLANG_ANALYZER_NONNULL = YES;
				CLANG_ANALYZER_NUMBER_OBJECT_CONVERSION = YES_AGGRESSIVE;
				CLANG_CXX_LANGUAGE_STANDARD = "gnu++14";
				CLANG_CXX_LIBRARY = "libc++";
				CLANG_ENABLE_MODULES = YES;
				CLANG_ENABLE_OBJC_ARC = YES;
				CLANG_ENABLE_OBJC_WEAK = YES;
				CLANG_WARN_BLOCK_CAPTURE_AUTORELEASING = YES;
				CLANG_WARN_BOOL_CONVERSION = YES;
				CLANG_WARN_COMMA = YES;
				CLANG_WARN_CONSTANT_CONVERSION = YES;
				CLANG_WARN_DEPRECATED_OBJC_IMPLEMENTATIONS = YES;
				CLANG_WARN_DIRECT_OBJC_ISA_USAGE = YES_ERROR;
				CLANG_WARN_DOCUMENTATION_COMMENTS = YES;
				CLANG_WARN_EMPTY_BODY = YES;
				CLANG_WARN_ENUM_CONVERSION = YES;
				CLANG_WARN_INFINITE_RECURSION = YES;
				CLANG_WARN_INT_CONVERSION = YES;
				CLANG_WARN_NON_LITERAL_NULL_CONVERSION = YES;
				CLANG_WARN_OBJC_IMPLICIT_RETAIN_SELF = YES;
				CLANG_WARN_OBJC_LITERAL_CONVERSION = YES;
				CLANG_WARN_OBJC_ROOT_CLASS = YES_ERROR;
				CLANG_WARN_RANGE_LOOP_ANALYSIS = YES;
				CLANG_WARN_STRICT_PROTOTYPES = YES;
				CLANG_WARN_SUSPICIOUS_MOVE = YES;
				CLANG_WARN_UNGUARDED_AVAILABILITY = YES_AGGRESSIVE;
				CLANG_WARN_UNREACHABLE_CODE = YES;
				CLANG_WARN__DUPLICATE_METHOD_MATCH = YES;
				CODE_SIGN_IDENTITY = "iPhone Developer";
				COPY_PHASE_STRIP = NO;
				DEBUG_INFORMATION_FORMAT = dwarf;
				ENABLE_STRICT_OBJC_MSGSEND = YES;
				ENABLE_TESTABILITY = YES;
				GCC_C_LANGUAGE_STANDARD = gnu11;
				GCC_DYNAMIC_NO_PIC = NO;
				GCC_NO_COMMON_BLOCKS = YES;
				GCC_OPTIMIZATION_LEVEL = 0;
				GCC_PREPROCESSOR_DEFINITIONS = (
					"DEBUG=1",
					"$(inherited)",
				);
				GCC_WARN_64_TO_32_BIT_CONVERSION = YES;
				GCC_WARN_ABOUT_RETURN_TYPE = YES_ERROR;
				GCC_WARN_UNDECLARED_SELECTOR = YES;
				GCC_WARN_UNINITIALIZED_AUTOS = YES_AGGRESSIVE;
				GCC_WARN_UNUSED_FUNCTION = YES;
				GCC_WARN_UNUSED_VARIABLE = YES;
				IPHONEOS_DEPLOYMENT_TARGET = 11.4;
				MTL_ENABLE_DEBUG_INFO = YES;
				ONLY_ACTIVE_ARCH = YES;
				SDKROOT = iphoneos;
				SWIFT_ACTIVE_COMPILATION_CONDITIONS = DEBUG;
				SWIFT_OPTIMIZATION_LEVEL = "-Onone";
			};
			name = Debug;
		};
		5D85A3B121218DDB0004469B /* Release */ = {
			isa = XCBuildConfiguration;
			buildSettings = {
				ALWAYS_SEARCH_USER_PATHS = NO;
				CLANG_ANALYZER_NONNULL = YES;
				CLANG_ANALYZER_NUMBER_OBJECT_CONVERSION = YES_AGGRESSIVE;
				CLANG_CXX_LANGUAGE_STANDARD = "gnu++14";
				CLANG_CXX_LIBRARY = "libc++";
				CLANG_ENABLE_MODULES = YES;
				CLANG_ENABLE_OBJC_ARC = YES;
				CLANG_ENABLE_OBJC_WEAK = YES;
				CLANG_WARN_BLOCK_CAPTURE_AUTORELEASING = YES;
				CLANG_WARN_BOOL_CONVERSION = YES;
				CLANG_WARN_COMMA = YES;
				CLANG_WARN_CONSTANT_CONVERSION = YES;
				CLANG_WARN_DEPRECATED_OBJC_IMPLEMENTATIONS = YES;
				CLANG_WARN_DIRECT_OBJC_ISA_USAGE = YES_ERROR;
				CLANG_WARN_DOCUMENTATION_COMMENTS = YES;
				CLANG_WARN_EMPTY_BODY = YES;
				CLANG_WARN_ENUM_CONVERSION = YES;
				CLANG_WARN_INFINITE_RECURSION = YES;
				CLANG_WARN_INT_CONVERSION = YES;
				CLANG_WARN_NON_LITERAL_NULL_CONVERSION = YES;
				CLANG_WARN_OBJC_IMPLICIT_RETAIN_SELF = YES;
				CLANG_WARN_OBJC_LITERAL_CONVERSION = YES;
				CLANG_WARN_OBJC_ROOT_CLASS = YES_ERROR;
				CLANG_WARN_RANGE_LOOP_ANALYSIS = YES;
				CLANG_WARN_STRICT_PROTOTYPES = YES;
				CLANG_WARN_SUSPICIOUS_MOVE = YES;
				CLANG_WARN_UNGUARDED_AVAILABILITY = YES_AGGRESSIVE;
				CLANG_WARN_UNREACHABLE_CODE = YES;
				CLANG_WARN__DUPLICATE_METHOD_MATCH = YES;
				CODE_SIGN_IDENTITY = "iPhone Developer";
				COPY_PHASE_STRIP = NO;
				DEBUG_INFORMATION_FORMAT = "dwarf-with-dsym";
				ENABLE_NS_ASSERTIONS = NO;
				ENABLE_STRICT_OBJC_MSGSEND = YES;
				GCC_C_LANGUAGE_STANDARD = gnu11;
				GCC_NO_COMMON_BLOCKS = YES;
				GCC_WARN_64_TO_32_BIT_CONVERSION = YES;
				GCC_WARN_ABOUT_RETURN_TYPE = YES_ERROR;
				GCC_WARN_UNDECLARED_SELECTOR = YES;
				GCC_WARN_UNINITIALIZED_AUTOS = YES_AGGRESSIVE;
				GCC_WARN_UNUSED_FUNCTION = YES;
				GCC_WARN_UNUSED_VARIABLE = YES;
				IPHONEOS_DEPLOYMENT_TARGET = 11.4;
				MTL_ENABLE_DEBUG_INFO = NO;
				SDKROOT = iphoneos;
				SWIFT_COMPILATION_MODE = wholemodule;
				SWIFT_OPTIMIZATION_LEVEL = "-O";
				VALIDATE_PRODUCT = YES;
			};
			name = Release;
		};
		5D85A3B321218DDB0004469B /* Debug */ = {
			isa = XCBuildConfiguration;
			buildSettings = {
				ASSETCATALOG_COMPILER_APPICON_NAME = AppIcon;
				CODE_SIGN_IDENTITY = "iPhone Developer";
				CODE_SIGN_STYLE = Automatic;
				DEVELOPMENT_TEAM = 6YC8SF5H99;
				INFOPLIST_FILE = stackOverFlowAPI/Info.plist;
				LD_RUNPATH_SEARCH_PATHS = (
					"$(inherited)",
					"@executable_path/Frameworks",
				);
				PRODUCT_BUNDLE_IDENTIFIER = com.xyz.stackOverFlowAPI;
				PRODUCT_NAME = "$(TARGET_NAME)";
				PROVISIONING_PROFILE = "";
				PROVISIONING_PROFILE_SPECIFIER = "";
				SWIFT_VERSION = 4.0;
				TARGETED_DEVICE_FAMILY = "1,2";
			};
			name = Debug;
		};
		5D85A3B421218DDB0004469B /* Release */ = {
			isa = XCBuildConfiguration;
			buildSettings = {
				ASSETCATALOG_COMPILER_APPICON_NAME = AppIcon;
				CODE_SIGN_IDENTITY = "iPhone Developer";
				CODE_SIGN_STYLE = Automatic;
				DEVELOPMENT_TEAM = 6YC8SF5H99;
				INFOPLIST_FILE = stackOverFlowAPI/Info.plist;
				LD_RUNPATH_SEARCH_PATHS = (
					"$(inherited)",
					"@executable_path/Frameworks",
				);
				PRODUCT_BUNDLE_IDENTIFIER = com.xyz.stackOverFlowAPI;
				PRODUCT_NAME = "$(TARGET_NAME)";
				PROVISIONING_PROFILE_SPECIFIER = "";
				SWIFT_VERSION = 4.0;
				TARGETED_DEVICE_FAMILY = "1,2";
			};
			name = Release;
		};
		5D85A3B621218DDB0004469B /* Debug */ = {
			isa = XCBuildConfiguration;
			buildSettings = {
				ALWAYS_EMBED_SWIFT_STANDARD_LIBRARIES = YES;
				BUNDLE_LOADER = "$(TEST_HOST)";
				CLANG_ENABLE_MODULES = YES;
				CODE_SIGN_STYLE = Automatic;
				DEVELOPMENT_TEAM = 6YC8SF5H99;
				INFOPLIST_FILE = stackOverFlowAPITests/Info.plist;
				LD_RUNPATH_SEARCH_PATHS = (
					"$(inherited)",
					"@executable_path/Frameworks",
					"@loader_path/Frameworks",
				);
				PRODUCT_BUNDLE_IDENTIFIER = com.xyz.stackOverFlowAPITests;
				PRODUCT_NAME = "$(TARGET_NAME)";
				SWIFT_OBJC_BRIDGING_HEADER = "stackOverFlowAPITests/stackOverFlowAPITests-Bridging-Header.h";
				SWIFT_OPTIMIZATION_LEVEL = "-Onone";
				SWIFT_VERSION = 4.0;
				TARGETED_DEVICE_FAMILY = "1,2";
				TEST_HOST = "$(BUILT_PRODUCTS_DIR)/stackOverFlowAPI.app/stackOverFlowAPI";
			};
			name = Debug;
		};
		5D85A3B721218DDB0004469B /* Release */ = {
			isa = XCBuildConfiguration;
			buildSettings = {
				ALWAYS_EMBED_SWIFT_STANDARD_LIBRARIES = YES;
				BUNDLE_LOADER = "$(TEST_HOST)";
				CLANG_ENABLE_MODULES = YES;
				CODE_SIGN_STYLE = Automatic;
				DEVELOPMENT_TEAM = 6YC8SF5H99;
				INFOPLIST_FILE = stackOverFlowAPITests/Info.plist;
				LD_RUNPATH_SEARCH_PATHS = (
					"$(inherited)",
					"@executable_path/Frameworks",
					"@loader_path/Frameworks",
				);
				PRODUCT_BUNDLE_IDENTIFIER = com.xyz.stackOverFlowAPITests;
				PRODUCT_NAME = "$(TARGET_NAME)";
				SWIFT_OBJC_BRIDGING_HEADER = "stackOverFlowAPITests/stackOverFlowAPITests-Bridging-Header.h";
				SWIFT_VERSION = 4.0;
				TARGETED_DEVICE_FAMILY = "1,2";
				TEST_HOST = "$(BUILT_PRODUCTS_DIR)/stackOverFlowAPI.app/stackOverFlowAPI";
			};
			name = Release;
		};
		5D85A3B921218DDB0004469B /* Debug */ = {
			isa = XCBuildConfiguration;
			buildSettings = {
				ALWAYS_EMBED_SWIFT_STANDARD_LIBRARIES = YES;
				CODE_SIGN_STYLE = Automatic;
				DEVELOPMENT_TEAM = 6YC8SF5H99;
				INFOPLIST_FILE = stackOverFlowAPIUITests/Info.plist;
				LD_RUNPATH_SEARCH_PATHS = (
					"$(inherited)",
					"@executable_path/Frameworks",
					"@loader_path/Frameworks",
				);
				PRODUCT_BUNDLE_IDENTIFIER = com.xyz.stackOverFlowAPIUITests;
				PRODUCT_NAME = "$(TARGET_NAME)";
				SWIFT_VERSION = 4.0;
				TARGETED_DEVICE_FAMILY = "1,2";
				TEST_TARGET_NAME = stackOverFlowAPI;
			};
			name = Debug;
		};
		5D85A3BA21218DDB0004469B /* Release */ = {
			isa = XCBuildConfiguration;
			buildSettings = {
				ALWAYS_EMBED_SWIFT_STANDARD_LIBRARIES = YES;
				CODE_SIGN_STYLE = Automatic;
				DEVELOPMENT_TEAM = 6YC8SF5H99;
				INFOPLIST_FILE = stackOverFlowAPIUITests/Info.plist;
				LD_RUNPATH_SEARCH_PATHS = (
					"$(inherited)",
					"@executable_path/Frameworks",
					"@loader_path/Frameworks",
				);
				PRODUCT_BUNDLE_IDENTIFIER = com.xyz.stackOverFlowAPIUITests;
				PRODUCT_NAME = "$(TARGET_NAME)";
				SWIFT_VERSION = 4.0;
				TARGETED_DEVICE_FAMILY = "1,2";
				TEST_TARGET_NAME = stackOverFlowAPI;
			};
			name = Release;
		};
/* End XCBuildConfiguration section */

/* Begin XCConfigurationList section */
		5D85A38521218DD90004469B /* Build configuration list for PBXProject "stackOverFlowAPI" */ = {
			isa = XCConfigurationList;
			buildConfigurations = (
				5D85A3B021218DDB0004469B /* Debug */,
				5D85A3B121218DDB0004469B /* Release */,
			);
			defaultConfigurationIsVisible = 0;
			defaultConfigurationName = Release;
		};
		5D85A3B221218DDB0004469B /* Build configuration list for PBXNativeTarget "stackOverFlowAPI" */ = {
			isa = XCConfigurationList;
			buildConfigurations = (
				5D85A3B321218DDB0004469B /* Debug */,
				5D85A3B421218DDB0004469B /* Release */,
			);
			defaultConfigurationIsVisible = 0;
			defaultConfigurationName = Release;
		};
		5D85A3B521218DDB0004469B /* Build configuration list for PBXNativeTarget "stackOverFlowAPITests" */ = {
			isa = XCConfigurationList;
			buildConfigurations = (
				5D85A3B621218DDB0004469B /* Debug */,
				5D85A3B721218DDB0004469B /* Release */,
			);
			defaultConfigurationIsVisible = 0;
			defaultConfigurationName = Release;
		};
		5D85A3B821218DDB0004469B /* Build configuration list for PBXNativeTarget "stackOverFlowAPIUITests" */ = {
			isa = XCConfigurationList;
			buildConfigurations = (
				5D85A3B921218DDB0004469B /* Debug */,
				5D85A3BA21218DDB0004469B /* Release */,
			);
			defaultConfigurationIsVisible = 0;
			defaultConfigurationName = Release;
		};
/* End XCConfigurationList section */
	};
	rootObject = 5D85A38221218DD90004469B /* Project object */;
}
